// !$*UTF8*$!
{
	archiveVersion = 1;
	classes = {
	};
	objectVersion = 56;
	objects = {

/* Begin PBXBuildFile section */
		DB3C694F2A4CBA4D0037C4D8 /* PaymentViewController.swift in Sources */ = {isa = PBXBuildFile; fileRef = DB3C694E2A4CBA4D0037C4D8 /* PaymentViewController.swift */; };
		DB4361412A5313FE00EDE5DB /* List.swift in Sources */ = {isa = PBXBuildFile; fileRef = DB4361402A5313FE00EDE5DB /* List.swift */; };
		DB4361432A53148F00EDE5DB /* ListTableViewCell.swift in Sources */ = {isa = PBXBuildFile; fileRef = DB4361422A53148F00EDE5DB /* ListTableViewCell.swift */; };
		DB45D0442A40F50800379574 /* BasketViewController.swift in Sources */ = {isa = PBXBuildFile; fileRef = DB45D0432A40F50800379574 /* BasketViewController.swift */; };
		DB45D06F2A421E1000379574 /* ArticleTableViewCell.swift in Sources */ = {isa = PBXBuildFile; fileRef = DB45D06E2A421E1000379574 /* ArticleTableViewCell.swift */; };
		DB4A8FC32A3E731400545CEB /* AppDelegate.swift in Sources */ = {isa = PBXBuildFile; fileRef = DB4A8FC22A3E731400545CEB /* AppDelegate.swift */; };
		DB4A8FC52A3E731400545CEB /* SceneDelegate.swift in Sources */ = {isa = PBXBuildFile; fileRef = DB4A8FC42A3E731400545CEB /* SceneDelegate.swift */; };
		DB4A8FC72A3E731400545CEB /* ViewController.swift in Sources */ = {isa = PBXBuildFile; fileRef = DB4A8FC62A3E731400545CEB /* ViewController.swift */; };
		DB4A8FCA2A3E731400545CEB /* Main.storyboard in Resources */ = {isa = PBXBuildFile; fileRef = DB4A8FC82A3E731400545CEB /* Main.storyboard */; };
		DB4A8FCC2A3E731600545CEB /* Assets.xcassets in Resources */ = {isa = PBXBuildFile; fileRef = DB4A8FCB2A3E731600545CEB /* Assets.xcassets */; };
		DB4A8FCF2A3E731600545CEB /* LaunchScreen.storyboard in Resources */ = {isa = PBXBuildFile; fileRef = DB4A8FCD2A3E731600545CEB /* LaunchScreen.storyboard */; };
		DB4A8FD72A3E749600545CEB /* MainViewController.swift in Sources */ = {isa = PBXBuildFile; fileRef = DB4A8FD62A3E749600545CEB /* MainViewController.swift */; };
		DB4A8FDB2A3E763500545CEB /* GoogleService-Info.plist in Resources */ = {isa = PBXBuildFile; fileRef = DB4A8FDA2A3E763500545CEB /* GoogleService-Info.plist */; };
		DB4A8FDE2A3E76CE00545CEB /* FirebaseAuth in Frameworks */ = {isa = PBXBuildFile; productRef = DB4A8FDD2A3E76CE00545CEB /* FirebaseAuth */; };
		DB4A8FE02A3E76CE00545CEB /* FirebaseDatabase in Frameworks */ = {isa = PBXBuildFile; productRef = DB4A8FDF2A3E76CE00545CEB /* FirebaseDatabase */; };
		DB4A8FE22A3E76CE00545CEB /* FirebaseFirestore in Frameworks */ = {isa = PBXBuildFile; productRef = DB4A8FE12A3E76CE00545CEB /* FirebaseFirestore */; };
		DB4A8FE52A3E77B900545CEB /* Toast in Frameworks */ = {isa = PBXBuildFile; productRef = DB4A8FE42A3E77B900545CEB /* Toast */; };
		DB4A8FE72A3E7A2900545CEB /* RegistrationViewController.swift in Sources */ = {isa = PBXBuildFile; fileRef = DB4A8FE62A3E7A2900545CEB /* RegistrationViewController.swift */; };
		DB5B9A492A54AF220023C2F0 /* Expenses.swift in Sources */ = {isa = PBXBuildFile; fileRef = DB5B9A482A54AF220023C2F0 /* Expenses.swift */; };
		DBA85CE42A3FCAFE000E31D1 /* AddArticleViewController.swift in Sources */ = {isa = PBXBuildFile; fileRef = DBA85CE32A3FCAFE000E31D1 /* AddArticleViewController.swift */; };
		DBA8B6A52A4E023E00A941C6 /* NavigationViewController.swift in Sources */ = {isa = PBXBuildFile; fileRef = DBA8B6A42A4E023E00A941C6 /* NavigationViewController.swift */; };
		DBBA838B2A4339FD008BA714 /* AccountViewController.swift in Sources */ = {isa = PBXBuildFile; fileRef = DBBA838A2A4339FD008BA714 /* AccountViewController.swift */; };
		DBC71B602A4CCF54004E9455 /* NewListViewController.swift in Sources */ = {isa = PBXBuildFile; fileRef = DBC71B5F2A4CCF54004E9455 /* NewListViewController.swift */; };
		DBEF45882A3F40E1008CAC23 /* SharelistViewController.swift in Sources */ = {isa = PBXBuildFile; fileRef = DBEF45872A3F40E1008CAC23 /* SharelistViewController.swift */; };
		DBEF458A2A3F4EBC008CAC23 /* Article.swift in Sources */ = {isa = PBXBuildFile; fileRef = DBEF45892A3F4EBC008CAC23 /* Article.swift */; };
		DFD484AE2A53554200636A58 /* TableViewReloadDelegate.swift in Sources */ = {isa = PBXBuildFile; fileRef = DFD484AD2A53554200636A58 /* TableViewReloadDelegate.swift */; };
/* End PBXBuildFile section */

/* Begin PBXFileReference section */
		DB3C694E2A4CBA4D0037C4D8 /* PaymentViewController.swift */ = {isa = PBXFileReference; lastKnownFileType = sourcecode.swift; path = PaymentViewController.swift; sourceTree = "<group>"; };
		DB4361402A5313FE00EDE5DB /* List.swift */ = {isa = PBXFileReference; lastKnownFileType = sourcecode.swift; path = List.swift; sourceTree = "<group>"; };
		DB4361422A53148F00EDE5DB /* ListTableViewCell.swift */ = {isa = PBXFileReference; lastKnownFileType = sourcecode.swift; path = ListTableViewCell.swift; sourceTree = "<group>"; };
		DB45D0432A40F50800379574 /* BasketViewController.swift */ = {isa = PBXFileReference; lastKnownFileType = sourcecode.swift; path = BasketViewController.swift; sourceTree = "<group>"; };
		DB45D06E2A421E1000379574 /* ArticleTableViewCell.swift */ = {isa = PBXFileReference; lastKnownFileType = sourcecode.swift; path = ArticleTableViewCell.swift; sourceTree = "<group>"; };
		DB4A8FBF2A3E731400545CEB /* Sharelist.app */ = {isa = PBXFileReference; explicitFileType = wrapper.application; includeInIndex = 0; path = Sharelist.app; sourceTree = BUILT_PRODUCTS_DIR; };
		DB4A8FC22A3E731400545CEB /* AppDelegate.swift */ = {isa = PBXFileReference; lastKnownFileType = sourcecode.swift; path = AppDelegate.swift; sourceTree = "<group>"; };
		DB4A8FC42A3E731400545CEB /* SceneDelegate.swift */ = {isa = PBXFileReference; lastKnownFileType = sourcecode.swift; path = SceneDelegate.swift; sourceTree = "<group>"; };
		DB4A8FC62A3E731400545CEB /* ViewController.swift */ = {isa = PBXFileReference; lastKnownFileType = sourcecode.swift; path = ViewController.swift; sourceTree = "<group>"; };
		DB4A8FC92A3E731400545CEB /* Base */ = {isa = PBXFileReference; lastKnownFileType = file.storyboard; name = Base; path = Base.lproj/Main.storyboard; sourceTree = "<group>"; };
		DB4A8FCB2A3E731600545CEB /* Assets.xcassets */ = {isa = PBXFileReference; lastKnownFileType = folder.assetcatalog; path = Assets.xcassets; sourceTree = "<group>"; };
		DB4A8FCE2A3E731600545CEB /* Base */ = {isa = PBXFileReference; lastKnownFileType = file.storyboard; name = Base; path = Base.lproj/LaunchScreen.storyboard; sourceTree = "<group>"; };
		DB4A8FD02A3E731600545CEB /* Info.plist */ = {isa = PBXFileReference; lastKnownFileType = text.plist.xml; path = Info.plist; sourceTree = "<group>"; };
		DB4A8FD62A3E749600545CEB /* MainViewController.swift */ = {isa = PBXFileReference; lastKnownFileType = sourcecode.swift; path = MainViewController.swift; sourceTree = "<group>"; };
		DB4A8FDA2A3E763500545CEB /* GoogleService-Info.plist */ = {isa = PBXFileReference; fileEncoding = 4; lastKnownFileType = text.plist.xml; path = "GoogleService-Info.plist"; sourceTree = "<group>"; };
		DB4A8FE62A3E7A2900545CEB /* RegistrationViewController.swift */ = {isa = PBXFileReference; lastKnownFileType = sourcecode.swift; path = RegistrationViewController.swift; sourceTree = "<group>"; };
		DB5B9A482A54AF220023C2F0 /* Expenses.swift */ = {isa = PBXFileReference; lastKnownFileType = sourcecode.swift; path = Expenses.swift; sourceTree = "<group>"; };
		DBA85CE32A3FCAFE000E31D1 /* AddArticleViewController.swift */ = {isa = PBXFileReference; lastKnownFileType = sourcecode.swift; path = AddArticleViewController.swift; sourceTree = "<group>"; };
		DBA8B6A42A4E023E00A941C6 /* NavigationViewController.swift */ = {isa = PBXFileReference; lastKnownFileType = sourcecode.swift; path = NavigationViewController.swift; sourceTree = "<group>"; };
		DBBA838A2A4339FD008BA714 /* AccountViewController.swift */ = {isa = PBXFileReference; lastKnownFileType = sourcecode.swift; path = AccountViewController.swift; sourceTree = "<group>"; };
		DBC71B5F2A4CCF54004E9455 /* NewListViewController.swift */ = {isa = PBXFileReference; lastKnownFileType = sourcecode.swift; path = NewListViewController.swift; sourceTree = "<group>"; };
		DBEF45872A3F40E1008CAC23 /* SharelistViewController.swift */ = {isa = PBXFileReference; lastKnownFileType = sourcecode.swift; path = SharelistViewController.swift; sourceTree = "<group>"; };
		DBEF45892A3F4EBC008CAC23 /* Article.swift */ = {isa = PBXFileReference; lastKnownFileType = sourcecode.swift; path = Article.swift; sourceTree = "<group>"; };
		DFD484AD2A53554200636A58 /* TableViewReloadDelegate.swift */ = {isa = PBXFileReference; lastKnownFileType = sourcecode.swift; path = TableViewReloadDelegate.swift; sourceTree = "<group>"; };
/* End PBXFileReference section */

/* Begin PBXFrameworksBuildPhase section */
		DB4A8FBC2A3E731400545CEB /* Frameworks */ = {
			isa = PBXFrameworksBuildPhase;
			buildActionMask = 2147483647;
			files = (
				DB4A8FE52A3E77B900545CEB /* Toast in Frameworks */,
				DB4A8FE02A3E76CE00545CEB /* FirebaseDatabase in Frameworks */,
				DB4A8FDE2A3E76CE00545CEB /* FirebaseAuth in Frameworks */,
				DB4A8FE22A3E76CE00545CEB /* FirebaseFirestore in Frameworks */,
			);
			runOnlyForDeploymentPostprocessing = 0;
		};
/* End PBXFrameworksBuildPhase section */

/* Begin PBXGroup section */
		DB4A8FB62A3E731400545CEB = {
			isa = PBXGroup;
			children = (
				DB4A8FC12A3E731400545CEB /* Sharelist */,
				DB4A8FC02A3E731400545CEB /* Products */,
			);
			sourceTree = "<group>";
		};
		DB4A8FC02A3E731400545CEB /* Products */ = {
			isa = PBXGroup;
			children = (
				DB4A8FBF2A3E731400545CEB /* Sharelist.app */,
			);
			name = Products;
			sourceTree = "<group>";
		};
		DB4A8FC12A3E731400545CEB /* Sharelist */ = {
			isa = PBXGroup;
			children = (
				DB5B9A472A5439680023C2F0 /* TableViewCells */,
				DBEF458B2A3F4EF8008CAC23 /* Model */,
				DB4A8FC22A3E731400545CEB /* AppDelegate.swift */,
				DB4A8FC42A3E731400545CEB /* SceneDelegate.swift */,
				DB4A8FC62A3E731400545CEB /* ViewController.swift */,
				DB4A8FC82A3E731400545CEB /* Main.storyboard */,
				DBA8B6A42A4E023E00A941C6 /* NavigationViewController.swift */,
				DBC71B5F2A4CCF54004E9455 /* NewListViewController.swift */,
				DB3C694E2A4CBA4D0037C4D8 /* PaymentViewController.swift */,
				DB45D0432A40F50800379574 /* BasketViewController.swift */,
				DBA85CE32A3FCAFE000E31D1 /* AddArticleViewController.swift */,
				DBEF45872A3F40E1008CAC23 /* SharelistViewController.swift */,
				DB4A8FE62A3E7A2900545CEB /* RegistrationViewController.swift */,
				DB4A8FD62A3E749600545CEB /* MainViewController.swift */,
				DBBA838A2A4339FD008BA714 /* AccountViewController.swift */,
				DFD484AD2A53554200636A58 /* TableViewReloadDelegate.swift */,
				DB4A8FCB2A3E731600545CEB /* Assets.xcassets */,
				DB4A8FCD2A3E731600545CEB /* LaunchScreen.storyboard */,
				DB4A8FD02A3E731600545CEB /* Info.plist */,
				DB4A8FDA2A3E763500545CEB /* GoogleService-Info.plist */,
			);
			path = Sharelist;
			sourceTree = "<group>";
		};
		DB5B9A472A5439680023C2F0 /* TableViewCells */ = {
			isa = PBXGroup;
			children = (
				DB45D06E2A421E1000379574 /* ArticleTableViewCell.swift */,
				DB4361422A53148F00EDE5DB /* ListTableViewCell.swift */,
			);
			path = TableViewCells;
			sourceTree = "<group>";
		};
		DBEF458B2A3F4EF8008CAC23 /* Model */ = {
			isa = PBXGroup;
			children = (
				DBEF45892A3F4EBC008CAC23 /* Article.swift */,
				DB4361402A5313FE00EDE5DB /* List.swift */,
				DB5B9A482A54AF220023C2F0 /* Expenses.swift */,
			);
			path = Model;
			sourceTree = "<group>";
		};
/* End PBXGroup section */

/* Begin PBXNativeTarget section */
		DB4A8FBE2A3E731400545CEB /* Sharelist */ = {
			isa = PBXNativeTarget;
			buildConfigurationList = DB4A8FD32A3E731600545CEB /* Build configuration list for PBXNativeTarget "Sharelist" */;
			buildPhases = (
				DB4A8FBB2A3E731400545CEB /* Sources */,
				DB4A8FBC2A3E731400545CEB /* Frameworks */,
				DB4A8FBD2A3E731400545CEB /* Resources */,
			);
			buildRules = (
			);
			dependencies = (
			);
			name = Sharelist;
			packageProductDependencies = (
				DB4A8FDD2A3E76CE00545CEB /* FirebaseAuth */,
				DB4A8FDF2A3E76CE00545CEB /* FirebaseDatabase */,
				DB4A8FE12A3E76CE00545CEB /* FirebaseFirestore */,
				DB4A8FE42A3E77B900545CEB /* Toast */,
			);
			productName = Sharelist;
			productReference = DB4A8FBF2A3E731400545CEB /* Sharelist.app */;
			productType = "com.apple.product-type.application";
		};
/* End PBXNativeTarget section */

/* Begin PBXProject section */
		DB4A8FB72A3E731400545CEB /* Project object */ = {
			isa = PBXProject;
			attributes = {
				BuildIndependentTargetsInParallel = 1;
				LastSwiftUpdateCheck = 1430;
				LastUpgradeCheck = 1430;
				TargetAttributes = {
					DB4A8FBE2A3E731400545CEB = {
						CreatedOnToolsVersion = 14.3;
					};
				};
			};
			buildConfigurationList = DB4A8FBA2A3E731400545CEB /* Build configuration list for PBXProject "Sharelist" */;
			compatibilityVersion = "Xcode 14.0";
			developmentRegion = en;
			hasScannedForEncodings = 0;
			knownRegions = (
				en,
				Base,
			);
			mainGroup = DB4A8FB62A3E731400545CEB;
			packageReferences = (
				DB4A8FDC2A3E76CE00545CEB /* XCRemoteSwiftPackageReference "firebase-ios-sdk" */,
				DB4A8FE32A3E77B900545CEB /* XCRemoteSwiftPackageReference "Toast-Swift" */,
			);
			productRefGroup = DB4A8FC02A3E731400545CEB /* Products */;
			projectDirPath = "";
			projectRoot = "";
			targets = (
				DB4A8FBE2A3E731400545CEB /* Sharelist */,
			);
		};
/* End PBXProject section */

/* Begin PBXResourcesBuildPhase section */
		DB4A8FBD2A3E731400545CEB /* Resources */ = {
			isa = PBXResourcesBuildPhase;
			buildActionMask = 2147483647;
			files = (
				DB4A8FCF2A3E731600545CEB /* LaunchScreen.storyboard in Resources */,
				DB4A8FDB2A3E763500545CEB /* GoogleService-Info.plist in Resources */,
				DB4A8FCC2A3E731600545CEB /* Assets.xcassets in Resources */,
				DB4A8FCA2A3E731400545CEB /* Main.storyboard in Resources */,
			);
			runOnlyForDeploymentPostprocessing = 0;
		};
/* End PBXResourcesBuildPhase section */

/* Begin PBXSourcesBuildPhase section */
		DB4A8FBB2A3E731400545CEB /* Sources */ = {
			isa = PBXSourcesBuildPhase;
			buildActionMask = 2147483647;
			files = (
				DFD484AE2A53554200636A58 /* TableViewReloadDelegate.swift in Sources */,
				DB45D06F2A421E1000379574 /* ArticleTableViewCell.swift in Sources */,
				DB4361432A53148F00EDE5DB /* ListTableViewCell.swift in Sources */,
				DB45D0442A40F50800379574 /* BasketViewController.swift in Sources */,
				DBEF458A2A3F4EBC008CAC23 /* Article.swift in Sources */,
				DB4A8FC72A3E731400545CEB /* ViewController.swift in Sources */,
				DB5B9A492A54AF220023C2F0 /* Expenses.swift in Sources */,
				DB4A8FC32A3E731400545CEB /* AppDelegate.swift in Sources */,
				DB4A8FC52A3E731400545CEB /* SceneDelegate.swift in Sources */,
				DB4A8FD72A3E749600545CEB /* MainViewController.swift in Sources */,
				DBC71B602A4CCF54004E9455 /* NewListViewController.swift in Sources */,
				DB4361412A5313FE00EDE5DB /* List.swift in Sources */,
				DB3C694F2A4CBA4D0037C4D8 /* PaymentViewController.swift in Sources */,
				DBA85CE42A3FCAFE000E31D1 /* AddArticleViewController.swift in Sources */,
				DBEF45882A3F40E1008CAC23 /* SharelistViewController.swift in Sources */,
				DB4A8FE72A3E7A2900545CEB /* RegistrationViewController.swift in Sources */,
				DBA8B6A52A4E023E00A941C6 /* NavigationViewController.swift in Sources */,
				DBBA838B2A4339FD008BA714 /* AccountViewController.swift in Sources */,
			);
			runOnlyForDeploymentPostprocessing = 0;
		};
/* End PBXSourcesBuildPhase section */

/* Begin PBXVariantGroup section */
		DB4A8FC82A3E731400545CEB /* Main.storyboard */ = {
			isa = PBXVariantGroup;
			children = (
				DB4A8FC92A3E731400545CEB /* Base */,
			);
			name = Main.storyboard;
			sourceTree = "<group>";
		};
		DB4A8FCD2A3E731600545CEB /* LaunchScreen.storyboard */ = {
			isa = PBXVariantGroup;
			children = (
				DB4A8FCE2A3E731600545CEB /* Base */,
			);
			name = LaunchScreen.storyboard;
			sourceTree = "<group>";
		};
/* End PBXVariantGroup section */

/* Begin XCBuildConfiguration section */
		DB4A8FD12A3E731600545CEB /* Debug */ = {
			isa = XCBuildConfiguration;
			buildSettings = {
				ALWAYS_SEARCH_USER_PATHS = NO;
				CLANG_ANALYZER_NONNULL = YES;
				CLANG_ANALYZER_NUMBER_OBJECT_CONVERSION = YES_AGGRESSIVE;
				CLANG_CXX_LANGUAGE_STANDARD = "gnu++20";
				CLANG_ENABLE_MODULES = YES;
				CLANG_ENABLE_OBJC_ARC = YES;
				CLANG_ENABLE_OBJC_WEAK = YES;
				CLANG_WARN_BLOCK_CAPTURE_AUTORELEASING = YES;
				CLANG_WARN_BOOL_CONVERSION = YES;
				CLANG_WARN_COMMA = YES;
				CLANG_WARN_CONSTANT_CONVERSION = YES;
				CLANG_WARN_DEPRECATED_OBJC_IMPLEMENTATIONS = YES;
				CLANG_WARN_DIRECT_OBJC_ISA_USAGE = YES_ERROR;
				CLANG_WARN_DOCUMENTATION_COMMENTS = YES;
				CLANG_WARN_EMPTY_BODY = YES;
				CLANG_WARN_ENUM_CONVERSION = YES;
				CLANG_WARN_INFINITE_RECURSION = YES;
				CLANG_WARN_INT_CONVERSION = YES;
				CLANG_WARN_NON_LITERAL_NULL_CONVERSION = YES;
				CLANG_WARN_OBJC_IMPLICIT_RETAIN_SELF = YES;
				CLANG_WARN_OBJC_LITERAL_CONVERSION = YES;
				CLANG_WARN_OBJC_ROOT_CLASS = YES_ERROR;
				CLANG_WARN_QUOTED_INCLUDE_IN_FRAMEWORK_HEADER = YES;
				CLANG_WARN_RANGE_LOOP_ANALYSIS = YES;
				CLANG_WARN_STRICT_PROTOTYPES = YES;
				CLANG_WARN_SUSPICIOUS_MOVE = YES;
				CLANG_WARN_UNGUARDED_AVAILABILITY = YES_AGGRESSIVE;
				CLANG_WARN_UNREACHABLE_CODE = YES;
				CLANG_WARN__DUPLICATE_METHOD_MATCH = YES;
				COPY_PHASE_STRIP = NO;
				DEBUG_INFORMATION_FORMAT = dwarf;
				ENABLE_STRICT_OBJC_MSGSEND = YES;
				ENABLE_TESTABILITY = YES;
				GCC_C_LANGUAGE_STANDARD = gnu11;
				GCC_DYNAMIC_NO_PIC = NO;
				GCC_NO_COMMON_BLOCKS = YES;
				GCC_OPTIMIZATION_LEVEL = 0;
				GCC_PREPROCESSOR_DEFINITIONS = (
					"DEBUG=1",
					"$(inherited)",
				);
				GCC_WARN_64_TO_32_BIT_CONVERSION = YES;
				GCC_WARN_ABOUT_RETURN_TYPE = YES_ERROR;
				GCC_WARN_UNDECLARED_SELECTOR = YES;
				GCC_WARN_UNINITIALIZED_AUTOS = YES_AGGRESSIVE;
				GCC_WARN_UNUSED_FUNCTION = YES;
				GCC_WARN_UNUSED_VARIABLE = YES;
				IPHONEOS_DEPLOYMENT_TARGET = 16.4;
				MTL_ENABLE_DEBUG_INFO = INCLUDE_SOURCE;
				MTL_FAST_MATH = YES;
				ONLY_ACTIVE_ARCH = YES;
				SDKROOT = iphoneos;
				SWIFT_ACTIVE_COMPILATION_CONDITIONS = DEBUG;
				SWIFT_OPTIMIZATION_LEVEL = "-Onone";
			};
			name = Debug;
		};
		DB4A8FD22A3E731600545CEB /* Release */ = {
			isa = XCBuildConfiguration;
			buildSettings = {
				ALWAYS_SEARCH_USER_PATHS = NO;
				CLANG_ANALYZER_NONNULL = YES;
				CLANG_ANALYZER_NUMBER_OBJECT_CONVERSION = YES_AGGRESSIVE;
				CLANG_CXX_LANGUAGE_STANDARD = "gnu++20";
				CLANG_ENABLE_MODULES = YES;
				CLANG_ENABLE_OBJC_ARC = YES;
				CLANG_ENABLE_OBJC_WEAK = YES;
				CLANG_WARN_BLOCK_CAPTURE_AUTORELEASING = YES;
				CLANG_WARN_BOOL_CONVERSION = YES;
				CLANG_WARN_COMMA = YES;
				CLANG_WARN_CONSTANT_CONVERSION = YES;
				CLANG_WARN_DEPRECATED_OBJC_IMPLEMENTATIONS = YES;
				CLANG_WARN_DIRECT_OBJC_ISA_USAGE = YES_ERROR;
				CLANG_WARN_DOCUMENTATION_COMMENTS = YES;
				CLANG_WARN_EMPTY_BODY = YES;
				CLANG_WARN_ENUM_CONVERSION = YES;
				CLANG_WARN_INFINITE_RECURSION = YES;
				CLANG_WARN_INT_CONVERSION = YES;
				CLANG_WARN_NON_LITERAL_NULL_CONVERSION = YES;
				CLANG_WARN_OBJC_IMPLICIT_RETAIN_SELF = YES;
				CLANG_WARN_OBJC_LITERAL_CONVERSION = YES;
				CLANG_WARN_OBJC_ROOT_CLASS = YES_ERROR;
				CLANG_WARN_QUOTED_INCLUDE_IN_FRAMEWORK_HEADER = YES;
				CLANG_WARN_RANGE_LOOP_ANALYSIS = YES;
				CLANG_WARN_STRICT_PROTOTYPES = YES;
				CLANG_WARN_SUSPICIOUS_MOVE = YES;
				CLANG_WARN_UNGUARDED_AVAILABILITY = YES_AGGRESSIVE;
				CLANG_WARN_UNREACHABLE_CODE = YES;
				CLANG_WARN__DUPLICATE_METHOD_MATCH = YES;
				COPY_PHASE_STRIP = NO;
				DEBUG_INFORMATION_FORMAT = "dwarf-with-dsym";
				ENABLE_NS_ASSERTIONS = NO;
				ENABLE_STRICT_OBJC_MSGSEND = YES;
				GCC_C_LANGUAGE_STANDARD = gnu11;
				GCC_NO_COMMON_BLOCKS = YES;
				GCC_WARN_64_TO_32_BIT_CONVERSION = YES;
				GCC_WARN_ABOUT_RETURN_TYPE = YES_ERROR;
				GCC_WARN_UNDECLARED_SELECTOR = YES;
				GCC_WARN_UNINITIALIZED_AUTOS = YES_AGGRESSIVE;
				GCC_WARN_UNUSED_FUNCTION = YES;
				GCC_WARN_UNUSED_VARIABLE = YES;
				IPHONEOS_DEPLOYMENT_TARGET = 16.4;
				MTL_ENABLE_DEBUG_INFO = NO;
				MTL_FAST_MATH = YES;
				SDKROOT = iphoneos;
				SWIFT_COMPILATION_MODE = wholemodule;
				SWIFT_OPTIMIZATION_LEVEL = "-O";
				VALIDATE_PRODUCT = YES;
			};
			name = Release;
		};
		DB4A8FD42A3E731600545CEB /* Debug */ = {
			isa = XCBuildConfiguration;
			buildSettings = {
				ASSETCATALOG_COMPILER_APPICON_NAME = AppIcon;
				ASSETCATALOG_COMPILER_GLOBAL_ACCENT_COLOR_NAME = AccentColor;
				CODE_SIGN_STYLE = Automatic;
				CURRENT_PROJECT_VERSION = 1;
				DEVELOPMENT_TEAM = 2VJMYLPL3S;
				GENERATE_INFOPLIST_FILE = YES;
				INFOPLIST_FILE = Sharelist/Info.plist;
				INFOPLIST_KEY_UIApplicationSupportsIndirectInputEvents = YES;
				INFOPLIST_KEY_UILaunchStoryboardName = LaunchScreen;
				INFOPLIST_KEY_UIMainStoryboardFile = Main;
				INFOPLIST_KEY_UISupportedInterfaceOrientations_iPad = "UIInterfaceOrientationPortrait UIInterfaceOrientationPortraitUpsideDown UIInterfaceOrientationLandscapeLeft UIInterfaceOrientationLandscapeRight";
				INFOPLIST_KEY_UISupportedInterfaceOrientations_iPhone = "UIInterfaceOrientationPortrait UIInterfaceOrientationLandscapeLeft UIInterfaceOrientationLandscapeRight";
				LD_RUNPATH_SEARCH_PATHS = (
					"$(inherited)",
					"@executable_path/Frameworks",
				);
				MARKETING_VERSION = 1.0;
				PRODUCT_BUNDLE_IDENTIFIER = melinaosterloh.ShoppingList;
				PRODUCT_NAME = "$(TARGET_NAME)";
				SWIFT_EMIT_LOC_STRINGS = YES;
				SWIFT_VERSION = 5.0;
				TARGETED_DEVICE_FAMILY = "1,2";
			};
			name = Debug;
		};
		DB4A8FD52A3E731600545CEB /* Release */ = {
			isa = XCBuildConfiguration;
			buildSettings = {
				ASSETCATALOG_COMPILER_APPICON_NAME = AppIcon;
				ASSETCATALOG_COMPILER_GLOBAL_ACCENT_COLOR_NAME = AccentColor;
				CODE_SIGN_STYLE = Automatic;
				CURRENT_PROJECT_VERSION = 1;
				DEVELOPMENT_TEAM = 2VJMYLPL3S;
				GENERATE_INFOPLIST_FILE = YES;
				INFOPLIST_FILE = Sharelist/Info.plist;
				INFOPLIST_KEY_UIApplicationSupportsIndirectInputEvents = YES;
				INFOPLIST_KEY_UILaunchStoryboardName = LaunchScreen;
				INFOPLIST_KEY_UIMainStoryboardFile = Main;
				INFOPLIST_KEY_UISupportedInterfaceOrientations_iPad = "UIInterfaceOrientationPortrait UIInterfaceOrientationPortraitUpsideDown UIInterfaceOrientationLandscapeLeft UIInterfaceOrientationLandscapeRight";
				INFOPLIST_KEY_UISupportedInterfaceOrientations_iPhone = "UIInterfaceOrientationPortrait UIInterfaceOrientationLandscapeLeft UIInterfaceOrientationLandscapeRight";
				LD_RUNPATH_SEARCH_PATHS = (
					"$(inherited)",
					"@executable_path/Frameworks",
				);
				MARKETING_VERSION = 1.0;
				PRODUCT_BUNDLE_IDENTIFIER = melinaosterloh.ShoppingList;
				PRODUCT_NAME = "$(TARGET_NAME)";
				SWIFT_EMIT_LOC_STRINGS = YES;
				SWIFT_VERSION = 5.0;
				TARGETED_DEVICE_FAMILY = "1,2";
			};
			name = Release;
		};
/* End XCBuildConfiguration section */

/* Begin XCConfigurationList section */
		DB4A8FBA2A3E731400545CEB /* Build configuration list for PBXProject "Sharelist" */ = {
			isa = XCConfigurationList;
			buildConfigurations = (
				DB4A8FD12A3E731600545CEB /* Debug */,
				DB4A8FD22A3E731600545CEB /* Release */,
			);
			defaultConfigurationIsVisible = 0;
			defaultConfigurationName = Release;
		};
		DB4A8FD32A3E731600545CEB /* Build configuration list for PBXNativeTarget "Sharelist" */ = {
			isa = XCConfigurationList;
			buildConfigurations = (
				DB4A8FD42A3E731600545CEB /* Debug */,
				DB4A8FD52A3E731600545CEB /* Release */,
			);
			defaultConfigurationIsVisible = 0;
			defaultConfigurationName = Release;
		};
/* End XCConfigurationList section */

/* Begin XCRemoteSwiftPackageReference section */
		DB4A8FDC2A3E76CE00545CEB /* XCRemoteSwiftPackageReference "firebase-ios-sdk" */ = {
			isa = XCRemoteSwiftPackageReference;
			repositoryURL = "https://github.com/firebase/firebase-ios-sdk";
			requirement = {
				kind = upToNextMajorVersion;
				minimumVersion = 10.0.0;
			};
		};
		DB4A8FE32A3E77B900545CEB /* XCRemoteSwiftPackageReference "Toast-Swift" */ = {
			isa = XCRemoteSwiftPackageReference;
			repositoryURL = "https://github.com/scalessec/Toast-Swift.git";
			requirement = {
				kind = upToNextMajorVersion;
				minimumVersion = 5.0.0;
			};
		};
/* End XCRemoteSwiftPackageReference section */

/* Begin XCSwiftPackageProductDependency section */
		DB4A8FDD2A3E76CE00545CEB /* FirebaseAuth */ = {
			isa = XCSwiftPackageProductDependency;
			package = DB4A8FDC2A3E76CE00545CEB /* XCRemoteSwiftPackageReference "firebase-ios-sdk" */;
			productName = FirebaseAuth;
		};
		DB4A8FDF2A3E76CE00545CEB /* FirebaseDatabase */ = {
			isa = XCSwiftPackageProductDependency;
			package = DB4A8FDC2A3E76CE00545CEB /* XCRemoteSwiftPackageReference "firebase-ios-sdk" */;
			productName = FirebaseDatabase;
		};
		DB4A8FE12A3E76CE00545CEB /* FirebaseFirestore */ = {
			isa = XCSwiftPackageProductDependency;
			package = DB4A8FDC2A3E76CE00545CEB /* XCRemoteSwiftPackageReference "firebase-ios-sdk" */;
			productName = FirebaseFirestore;
		};
		DB4A8FE42A3E77B900545CEB /* Toast */ = {
			isa = XCSwiftPackageProductDependency;
			package = DB4A8FE32A3E77B900545CEB /* XCRemoteSwiftPackageReference "Toast-Swift" */;
			productName = Toast;
		};
/* End XCSwiftPackageProductDependency section */
	};
	rootObject = DB4A8FB72A3E731400545CEB /* Project object */;
}
